{
  "name": "ledger-bundle",
  "version": "0.0.0",
  "lockfileVersion": 1,
  "requires": true,
  "dependencies": {
    "@ledgerhq/devices": {
      "version": "6.20.0",
      "resolved": "https://registry.npmjs.org/@ledgerhq/devices/-/devices-6.20.0.tgz",
      "integrity": "sha512-WehM7HGdb+nSUzyUlz1t2qJ8Tg4I+rQkOJJsx0/Dpjkx6/+1hHcX6My/apPuwh39qahqwYhjszq0H1YzGDS0Yg==",
      "requires": {
        "@ledgerhq/errors": "^6.10.0",
        "@ledgerhq/logs": "^6.10.0",
        "rxjs": "6",
        "semver": "^7.3.5"
      },
      "dependencies": {
        "semver": {
          "version": "7.3.5",
          "resolved": "https://registry.npmjs.org/semver/-/semver-7.3.5.tgz",
          "integrity": "sha512-PoeGJYh8HK4BTO/a9Tf6ZG3veo/A7ZVsYrSA6J8ny9nb3B1VrpkuN+z9OE5wfE5p6H4LchYZsegiQgbJD94ZFQ==",
          "requires": {
            "lru-cache": "^6.0.0"
          }
        }
      }
    },
    "@ledgerhq/errors": {
      "version": "6.10.0",
      "resolved": "https://registry.npmjs.org/@ledgerhq/errors/-/errors-6.10.0.tgz",
      "integrity": "sha512-fQFnl2VIXh9Yd41lGjReCeK+Q2hwxQJvLZfqHnKqWapTz68NHOv5QcI0OHuZVNEbv0xhgdLhi5b65kgYeQSUVg=="
    },
    "@ledgerhq/hw-transport": {
      "version": "6.20.0",
      "resolved": "https://registry.npmjs.org/@ledgerhq/hw-transport/-/hw-transport-6.20.0.tgz",
      "integrity": "sha512-5KS0Y6CbWRDOv3FgNIfk53ViQOIZqMxAw0RuOexreW5GMwuYfK7ddGi4142qcu7YrxkGo7cNe42wBbx1hdXl0Q==",
      "requires": {
        "@ledgerhq/devices": "^6.20.0",
        "@ledgerhq/errors": "^6.10.0",
        "events": "^3.3.0"
      }
    },
    "@ledgerhq/hw-transport-node-speculos": {
      "version": "6.20.0",
      "resolved": "https://registry.npmjs.org/@ledgerhq/hw-transport-node-speculos/-/hw-transport-node-speculos-6.20.0.tgz",
      "integrity": "sha512-YtxdIG77wprdoSI/+ufSDG39t4mF20Wn5nXhqCx+bPLd/mVm70m1vfetLi8zAtYE4NTjo1lDhpbj2nAtLVRU7A==",
      "requires": {
        "@ledgerhq/errors": "^6.10.0",
        "@ledgerhq/hw-transport": "^6.20.0",
        "@ledgerhq/logs": "^6.10.0",
        "rxjs": "6"
      }
    },
    "@ledgerhq/hw-transport-webhid": {
      "version": "6.20.0",
      "resolved": "https://registry.npmjs.org/@ledgerhq/hw-transport-webhid/-/hw-transport-webhid-6.20.0.tgz",
      "integrity": "sha512-vpbeKmvlQQHQIT7MOAt8TJV7706YkvfEsW2it/vQKAKGjmAYWgrLDXLLgmA1rEDschq0w63crOSp0El4doy+JQ==",
      "requires": {
        "@ledgerhq/devices": "^6.20.0",
        "@ledgerhq/errors": "^6.10.0",
        "@ledgerhq/hw-transport": "^6.20.0",
        "@ledgerhq/logs": "^6.10.0"
      }
    },
    "@ledgerhq/hw-transport-webusb": {
      "version": "6.20.0",
      "resolved": "https://registry.npmjs.org/@ledgerhq/hw-transport-webusb/-/hw-transport-webusb-6.20.0.tgz",
      "integrity": "sha512-7rtgOEuEZ7/O5JofcglUVck7RXH5D8vS3zP5SjPURhvSFiJVGrtOVS+Qna7gXqGdkesDcNF0xBkwme+67n4Imw==",
      "requires": {
        "@ledgerhq/devices": "^6.20.0",
        "@ledgerhq/errors": "^6.10.0",
        "@ledgerhq/hw-transport": "^6.20.0",
        "@ledgerhq/logs": "^6.10.0"
      }
    },
    "@ledgerhq/logs": {
      "version": "6.10.0",
      "resolved": "https://registry.npmjs.org/@ledgerhq/logs/-/logs-6.10.0.tgz",
      "integrity": "sha512-lLseUPEhSFUXYTKj6q7s2O3s2vW2ebgA11vMAlKodXGf5AFw4zUoEbTz9CoFOC9jS6xY4Qr8BmRnxP/odT4Uuw=="
    },
    "any-promise": {
      "version": "1.3.0",
      "resolved": "https://registry.npmjs.org/any-promise/-/any-promise-1.3.0.tgz",
      "integrity": "sha1-q8av7tzqUugJzcA3au0845Y10X8="
    },
    "balanced-match": {
      "version": "1.0.2",
      "resolved": "https://registry.npmjs.org/balanced-match/-/balanced-match-1.0.2.tgz",
      "integrity": "sha512-3oSeUO0TMV67hN1AmbXsK4yaqU7tjiHlbxRDZOpH0KW9+CeX4bRAaX0Anxt0tx2MrpRpWwQaPwIlISEJhYU5Pw=="
    },
    "brace-expansion": {
      "version": "1.1.11",
      "resolved": "https://registry.npmjs.org/brace-expansion/-/brace-expansion-1.1.11.tgz",
      "integrity": "sha512-iCuPHDFgrHX7H2vEI/5xpz07zSHB00TpugqhmYtVmMO6518mCuRMoOYFldEBl0g187ufozdaHgWKcYFb61qGiA==",
      "requires": {
        "balanced-match": "^1.0.0",
        "concat-map": "0.0.1"
      }
    },
    "concat-map": {
      "version": "0.0.1",
      "resolved": "https://registry.npmjs.org/concat-map/-/concat-map-0.0.1.tgz",
      "integrity": "sha1-2Klr13/Wjfd5OnMDajug1UBdR3s="
    },
    "convert-source-map": {
      "version": "1.8.0",
      "resolved": "https://registry.npmjs.org/convert-source-map/-/convert-source-map-1.8.0.tgz",
      "integrity": "sha512-+OQdjP49zViI/6i7nIJpA8rAl4sV/JdPfU9nZs3VqOwGIgizICvuN2ru6fMd+4llL0tar18UYJXfZ/TWtmhUjA==",
      "requires": {
        "safe-buffer": "~5.1.1"
      }
    },
    "core-util-is": {
      "version": "1.0.3",
      "resolved": "https://registry.npmjs.org/core-util-is/-/core-util-is-1.0.3.tgz",
      "integrity": "sha512-ZQBvi1DcpJ4GDqanjucZ2Hj3wEO5pZDS89BWbkcrvdxksJorwUDDZamX9ldFkp9aw2lmBDLgkObEA4DWNJ9FYQ=="
    },
    "error-ex": {
      "version": "1.3.2",
      "resolved": "https://registry.npmjs.org/error-ex/-/error-ex-1.3.2.tgz",
      "integrity": "sha512-7dFHNmqeFSEt2ZBsCriorKnn3Z2pj+fd9kmI6QoWw4//DL+icEBfc0U7qJCisqrTsKTjw4fNFy2pW9OqStD84g==",
      "requires": {
        "is-arrayish": "^0.2.1"
      }
    },
    "events": {
      "version": "3.3.0",
      "resolved": "https://registry.npmjs.org/events/-/events-3.3.0.tgz",
      "integrity": "sha512-mQw+2fkQbALzQ7V0MY0IqdnXNOeTtP4r0lN9z7AAawCXgqea7bDii20AYrIBrFd/Hx0M2Ocz6S111CaFkUcb0Q=="
    },
    "fs.realpath": {
      "version": "1.0.0",
      "resolved": "https://registry.npmjs.org/fs.realpath/-/fs.realpath-1.0.0.tgz",
      "integrity": "sha1-FQStJSMVjKpA20onh8sBQRmU6k8="
    },
    "glob": {
      "version": "7.2.0",
      "resolved": "https://registry.npmjs.org/glob/-/glob-7.2.0.tgz",
      "integrity": "sha512-lmLf6gtyrPq8tTjSmrO94wBeQbFR3HbLHbuyD69wuyQkImp2hWqMGB47OX65FBkPffO641IP9jWa1z4ivqG26Q==",
      "requires": {
        "fs.realpath": "^1.0.0",
        "inflight": "^1.0.4",
        "inherits": "2",
        "minimatch": "^3.0.4",
        "once": "^1.3.0",
        "path-is-absolute": "^1.0.0"
      }
    },
    "hw-app-kda": {
      "version": "git+https://github.com/obsidiansystems/hw-app-kda.git#f0d50050debbd8119da195637d5c367e36312764",
      "from": "git+https://github.com/obsidiansystems/hw-app-kda.git",
      "requires": {
        "@ledgerhq/hw-transport": "^6.3.0",
        "hw-app-obsidian-common": "git+http://github.com/obsidiansystems/hw-app-obsidian-common#9fd33f6218f34c0e3a7da96b63656a2b3ae76e95"
      }
    },
    "hw-app-obsidian-common": {
      "version": "git+http://github.com/obsidiansystems/hw-app-obsidian-common#9fd33f6218f34c0e3a7da96b63656a2b3ae76e95",
      "from": "git+http://github.com/obsidiansystems/hw-app-obsidian-common#9fd33f6218f34c0e3a7da96b63656a2b3ae76e95",
      "requires": {
        "@ledgerhq/hw-transport": "^6.3.0",
        "typedoc": "^0.22.7"
      }
    },
    "inflight": {
      "version": "1.0.6",
      "resolved": "https://registry.npmjs.org/inflight/-/inflight-1.0.6.tgz",
      "integrity": "sha1-Sb1jMdfQLQwJvJEKEHW6gWW1bfk=",
      "requires": {
        "once": "^1.3.0",
        "wrappy": "1"
      }
    },
    "inherits": {
      "version": "2.0.4",
      "resolved": "https://registry.npmjs.org/inherits/-/inherits-2.0.4.tgz",
      "integrity": "sha512-k/vGaX4/Yla3WzyMCvTQOXYeIHvqOKtnqBduzTHpzpQZzAskKMhZ2K+EnBiSM9zGSoIFeMpXKxa4dYeZIQqewQ=="
    },
    "is-arrayish": {
      "version": "0.2.1",
      "resolved": "https://registry.npmjs.org/is-arrayish/-/is-arrayish-0.2.1.tgz",
      "integrity": "sha1-d8mYQFJ6qOyxqLppe4BkWnqSap0="
    },
    "is-utf8": {
      "version": "0.2.1",
      "resolved": "https://registry.npmjs.org/is-utf8/-/is-utf8-0.2.1.tgz",
      "integrity": "sha1-Sw2hRCEE0bM2NA6AeX6GXPOffXI="
    },
    "isarray": {
      "version": "1.0.0",
      "resolved": "https://registry.npmjs.org/isarray/-/isarray-1.0.0.tgz",
      "integrity": "sha1-u5NdSFgsuhaMBoNJV6VKPgcSTxE="
    },
    "jsonc-parser": {
      "version": "3.0.0",
      "resolved": "https://registry.npmjs.org/jsonc-parser/-/jsonc-parser-3.0.0.tgz",
      "integrity": "sha512-fQzRfAbIBnR0IQvftw9FJveWiHp72Fg20giDrHz6TdfB12UH/uue0D3hm57UB5KgAVuniLMCaS8P1IMj9NR7cA=="
    },
    "lru-cache": {
      "version": "6.0.0",
      "resolved": "https://registry.npmjs.org/lru-cache/-/lru-cache-6.0.0.tgz",
      "integrity": "sha512-Jo6dJ04CmSjuznwJSS3pUeWmd/H0ffTlkXXgwZi+eq1UCmqQwCh+eLsYOYCwY991i2Fah4h1BEMCx4qThGbsiA==",
      "requires": {
        "yallist": "^4.0.0"
      }
    },
    "lunr": {
      "version": "2.3.9",
      "resolved": "https://registry.npmjs.org/lunr/-/lunr-2.3.9.tgz",
      "integrity": "sha512-zTU3DaZaF3Rt9rhN3uBMGQD3dD2/vFQqnvZCDv4dl5iOzq2IZQqTxu90r4E5J+nP70J3ilqVCrbho2eWaeW8Ow=="
    },
    "marked": {
      "version": "4.0.12",
      "resolved": "https://registry.npmjs.org/marked/-/marked-4.0.12.tgz",
      "integrity": "sha512-hgibXWrEDNBWgGiK18j/4lkS6ihTe9sxtV4Q1OQppb/0zzyPSzoFANBa5MfsG/zgsWklmNnhm0XACZOH/0HBiQ=="
    },
    "minimatch": {
      "version": "3.0.4",
      "resolved": "https://registry.npmjs.org/minimatch/-/minimatch-3.0.4.tgz",
      "integrity": "sha512-yJHVQEhyqPLUTgt9B83PXu6W3rx4MvvHvSUvToogpwoGDOUQ+yDrR0HRot+yOCdCO7u4hX3pWft6kWBBcqh0UA==",
      "requires": {
        "brace-expansion": "^1.1.7"
      }
    },
    "object-assign": {
      "version": "4.1.1",
      "resolved": "https://registry.npmjs.org/object-assign/-/object-assign-4.1.1.tgz",
      "integrity": "sha1-IQmtx5ZYh8/AXLvUQsrIv7s2CGM="
    },
    "once": {
      "version": "1.4.0",
      "resolved": "https://registry.npmjs.org/once/-/once-1.4.0.tgz",
      "integrity": "sha1-WDsap3WWHUsROsF9nFC6753Xa9E=",
      "requires": {
        "wrappy": "1"
      }
    },
    "parse-json": {
      "version": "2.2.0",
      "resolved": "https://registry.npmjs.org/parse-json/-/parse-json-2.2.0.tgz",
      "integrity": "sha1-9ID0BDTvgHQfhGkJn43qGPVaTck=",
      "requires": {
        "error-ex": "^1.2.0"
      }
    },
    "path-is-absolute": {
      "version": "1.0.1",
      "resolved": "https://registry.npmjs.org/path-is-absolute/-/path-is-absolute-1.0.1.tgz",
      "integrity": "sha1-F0uSaHNVNP+8es5r9TpanhtcX18="
    },
    "process-nextick-args": {
      "version": "2.0.1",
      "resolved": "https://registry.npmjs.org/process-nextick-args/-/process-nextick-args-2.0.1.tgz",
      "integrity": "sha512-3ouUOpQhtgrbOa17J7+uxOTpITYWaGP7/AhoR3+A+/1e9skrzelGi/dXzEYyvbxubEF6Wn2ypscTKiKJFFn1ag=="
    },
    "readable-stream": {
      "version": "2.3.7",
      "resolved": "https://registry.npmjs.org/readable-stream/-/readable-stream-2.3.7.tgz",
      "integrity": "sha512-Ebho8K4jIbHAxnuxi7o42OrZgF/ZTNcsZj6nRKyUmkhLFq8CHItp/fy6hQZuZmP/n3yZ9VBUbp4zz/mX8hmYPw==",
      "requires": {
        "core-util-is": "~1.0.0",
        "inherits": "~2.0.3",
        "isarray": "~1.0.0",
        "process-nextick-args": "~2.0.0",
        "safe-buffer": "~5.1.1",
        "string_decoder": "~1.1.1",
        "util-deprecate": "~1.0.1"
      }
    },
    "rxjs": {
      "version": "6.6.7",
      "resolved": "https://registry.npmjs.org/rxjs/-/rxjs-6.6.7.tgz",
      "integrity": "sha512-hTdwr+7yYNIT5n4AMYp85KA6yw2Va0FLa3Rguvbpa4W3I5xynaBZo41cM3XM+4Q6fRMj3sBYIR1VAmZMXYJvRQ==",
      "requires": {
        "tslib": "^1.9.0"
      }
    },
    "safe-buffer": {
      "version": "5.1.2",
      "resolved": "https://registry.npmjs.org/safe-buffer/-/safe-buffer-5.1.2.tgz",
      "integrity": "sha512-Gd2UZBJDkXlY7GbJxfsE8/nvKkUEU1G38c1siN6QP6a9PT9MmHB8GnpscSmMJSoF8LOIrt8ud/wPtojys4G6+g=="
    },
    "semver": {
      "version": "6.3.0",
      "resolved": "https://registry.npmjs.org/semver/-/semver-6.3.0.tgz",
      "integrity": "sha512-b39TBaTSfV6yBrapU89p5fKekE2m/NwnDocOVruQFS1/veMgdzuPcnOM34M6CwxW8jH/lxEa5rBoDeUwu5HHTw=="
    },
    "shiki": {
      "version": "0.10.0",
      "resolved": "https://registry.npmjs.org/shiki/-/shiki-0.10.0.tgz",
      "integrity": "sha512-iczxaIYeBFHTFrQPb9DVy2SKgYxC4Wo7Iucm7C17cCh2Ge/refnvHscUOxM85u57MfLoNOtjoEFUWt9gBexblA==",
      "requires": {
        "jsonc-parser": "^3.0.0",
        "vscode-oniguruma": "^1.6.1",
        "vscode-textmate": "5.2.0"
      }
    },
    "string_decoder": {
      "version": "1.1.1",
      "resolved": "https://registry.npmjs.org/string_decoder/-/string_decoder-1.1.1.tgz",
      "integrity": "sha512-n/ShnvDi6FHbbVfviro+WojiFzv+s8MPMHBczVePfUpDJLwoLT0ht1l4YwBCbi8pJAveEEdnkHyPyTP/mzRfwg==",
      "requires": {
        "safe-buffer": "~5.1.0"
      }
    },
    "strip-bom": {
      "version": "2.0.0",
      "resolved": "https://registry.npmjs.org/strip-bom/-/strip-bom-2.0.0.tgz",
      "integrity": "sha1-YhmoVhZSBJHzV4i9vxRHqZx+aw4=",
      "requires": {
        "is-utf8": "^0.2.0"
      }
    },
    "strip-json-comments": {
      "version": "2.0.1",
      "resolved": "https://registry.npmjs.org/strip-json-comments/-/strip-json-comments-2.0.1.tgz",
      "integrity": "sha1-PFMZQukIwml8DsNEhYwobHygpgo="
    },
    "through2": {
      "version": "2.0.5",
      "resolved": "https://registry.npmjs.org/through2/-/through2-2.0.5.tgz",
      "integrity": "sha512-/mrRod8xqpA+IHSLyGCQ2s8SPHiCDEeQJSep1jqLYeEUClOFG2Qsh+4FU6G9VeqpZnGW/Su8LQGc4YKni5rYSQ==",
      "requires": {
        "readable-stream": "~2.3.6",
        "xtend": "~4.0.1"
      }
    },
    "tsconfig": {
      "version": "5.0.3",
      "resolved": "https://registry.npmjs.org/tsconfig/-/tsconfig-5.0.3.tgz",
      "integrity": "sha1-X0J45wGACWeo/Dg/0ZZIh48qbjo=",
      "requires": {
        "any-promise": "^1.3.0",
        "parse-json": "^2.2.0",
        "strip-bom": "^2.0.0",
        "strip-json-comments": "^2.0.0"
      }
    },
    "tsify": {
      "version": "5.0.4",
      "resolved": "https://registry.npmjs.org/tsify/-/tsify-5.0.4.tgz",
      "integrity": "sha512-XAZtQ5OMPsJFclkZ9xMZWkSNyMhMxEPsz3D2zu79yoKorH9j/DT4xCloJeXk5+cDhosEibu4bseMVjyPOAyLJA==",
      "requires": {
        "convert-source-map": "^1.1.0",
        "fs.realpath": "^1.0.0",
        "object-assign": "^4.1.0",
        "semver": "^6.1.0",
        "through2": "^2.0.0",
        "tsconfig": "^5.0.3"
      }
    },
    "tslib": {
      "version": "1.14.1",
      "resolved": "https://registry.npmjs.org/tslib/-/tslib-1.14.1.tgz",
      "integrity": "sha512-Xni35NKzjgMrwevysHTCArtLDpPvye8zV/0E4EyYn43P7/7qvQwPh9BGkHewbMulVntbigmcT7rdX3BNo9wRJg=="
    },
    "typedoc": {
      "version": "0.22.11",
      "resolved": "https://registry.npmjs.org/typedoc/-/typedoc-0.22.11.tgz",
      "integrity": "sha512-pVr3hh6dkS3lPPaZz1fNpvcrqLdtEvXmXayN55czlamSgvEjh+57GUqfhAI1Xsuu/hNHUT1KNSx8LH2wBP/7SA==",
      "requires": {
        "glob": "^7.2.0",
        "lunr": "^2.3.9",
        "marked": "^4.0.10",
        "minimatch": "^3.0.4",
        "shiki": "^0.10.0"
      }
    },
    "util-deprecate": {
      "version": "1.0.2",
      "resolved": "https://registry.npmjs.org/util-deprecate/-/util-deprecate-1.0.2.tgz",
      "integrity": "sha1-RQ1Nyfpw3nMnYvvS1KKJgUGaDM8="
    },
    "vscode-oniguruma": {
      "version": "1.6.1",
      "resolved": "https://registry.npmjs.org/vscode-oniguruma/-/vscode-oniguruma-1.6.1.tgz",
      "integrity": "sha512-vc4WhSIaVpgJ0jJIejjYxPvURJavX6QG41vu0mGhqywMkQqulezEqEQ3cO3gc8GvcOpX6ycmKGqRoROEMBNXTQ=="
    },
    "vscode-textmate": {
      "version": "5.2.0",
      "resolved": "https://registry.npmjs.org/vscode-textmate/-/vscode-textmate-5.2.0.tgz",
      "integrity": "sha512-Uw5ooOQxRASHgu6C7GVvUxisKXfSgW4oFlO+aa+PAkgmH89O3CXxEEzNRNtHSqtXFTl0nAC1uYj0GMSH27uwtQ=="
    },
    "wrappy": {
      "version": "1.0.2",
      "resolved": "https://registry.npmjs.org/wrappy/-/wrappy-1.0.2.tgz",
      "integrity": "sha1-tSQ9jz7BqjXxNkYFvA0QNuMKtp8="
    },
    "xtend": {
      "version": "4.0.2",
      "resolved": "https://registry.npmjs.org/xtend/-/xtend-4.0.2.tgz",
      "integrity": "sha512-LKYU1iAXJXUgAXn9URjiu+MWhyUXHsvfp7mcuYm9dSUKK0/CjtrUwFAxD82/mCWbtLsGjFIad0wIsod4zrTAEQ=="
    },
    "yallist": {
      "version": "4.0.0",
      "resolved": "https://registry.npmjs.org/yallist/-/yallist-4.0.0.tgz",
      "integrity": "sha512-3wdGidZyq5PB084XLES5TpOSRA3wjXAlIWMhum2kRcv/41Sn2emQ0dycQW4uZXLejwKvg6EsvbdlVL+FYEct7A=="
    }
  }
}
